// !$*UTF8*$!
{
	archiveVersion = 1;
	classes = {
	};
	objectVersion = 51;
	objects = {

/* Begin PBXBuildFile section */
		0023700F2678776E009FD868 /* HomeViewController.swift in Sources */ = {isa = PBXBuildFile; fileRef = 0023700D2678776E009FD868 /* HomeViewController.swift */; };
		002370102678776E009FD868 /* HomeViewController.xib in Resources */ = {isa = PBXBuildFile; fileRef = 0023700E2678776E009FD868 /* HomeViewController.xib */; };
		002DB0262682431D0051126C /* ManagerRequestServicesTest.swift in Sources */ = {isa = PBXBuildFile; fileRef = 002DB0252682431D0051126C /* ManagerRequestServicesTest.swift */; };
		0035DC9B2679195600E38896 /* Extensions.swift in Sources */ = {isa = PBXBuildFile; fileRef = 0035DC9A2679195600E38896 /* Extensions.swift */; };
		0035DCA02679B6E400E38896 /* HomeInteractor.swift in Sources */ = {isa = PBXBuildFile; fileRef = 0035DC9F2679B6E400E38896 /* HomeInteractor.swift */; };
		0035DCA22679B70400E38896 /* HomeRouter.swift in Sources */ = {isa = PBXBuildFile; fileRef = 0035DCA12679B70400E38896 /* HomeRouter.swift */; };
		0035DCA42679B72900E38896 /* HomePresenter.swift in Sources */ = {isa = PBXBuildFile; fileRef = 0035DCA32679B72900E38896 /* HomePresenter.swift */; };
		005F9DBA267B98A500E8E3F4 /* ManagerCache.swift in Sources */ = {isa = PBXBuildFile; fileRef = 005F9DB9267B98A500E8E3F4 /* ManagerCache.swift */; };
		005F9DC0267BA10600E8E3F4 /* HomeDetailViewController.swift in Sources */ = {isa = PBXBuildFile; fileRef = 005F9DBE267BA10600E8E3F4 /* HomeDetailViewController.swift */; };
		005F9DC1267BA10600E8E3F4 /* HomeDetailViewController.xib in Resources */ = {isa = PBXBuildFile; fileRef = 005F9DBF267BA10600E8E3F4 /* HomeDetailViewController.xib */; };
		005F9DC7267BA40400E8E3F4 /* HomeDetailRouter.swift in Sources */ = {isa = PBXBuildFile; fileRef = 005F9DC6267BA40400E8E3F4 /* HomeDetailRouter.swift */; };
		005F9DCF267BAD0400E8E3F4 /* HomeDetailPresenter.swift in Sources */ = {isa = PBXBuildFile; fileRef = 005F9DCE267BAD0400E8E3F4 /* HomeDetailPresenter.swift */; };
		005F9DD4267BAD3400E8E3F4 /* HomeDetailInteractor.swift in Sources */ = {isa = PBXBuildFile; fileRef = 005F9DD3267BAD3400E8E3F4 /* HomeDetailInteractor.swift */; };
		005F9DDA267BB79200E8E3F4 /* RouterFacade.swift in Sources */ = {isa = PBXBuildFile; fileRef = 005F9DD9267BB79200E8E3F4 /* RouterFacade.swift */; };
		007FABCF2675BBB700C460BC /* AppDelegate.swift in Sources */ = {isa = PBXBuildFile; fileRef = 007FABCE2675BBB700C460BC /* AppDelegate.swift */; };
		007FABD12675BBB700C460BC /* SceneDelegate.swift in Sources */ = {isa = PBXBuildFile; fileRef = 007FABD02675BBB700C460BC /* SceneDelegate.swift */; };
		007FABD62675BBB700C460BC /* Main.storyboard in Resources */ = {isa = PBXBuildFile; fileRef = 007FABD42675BBB700C460BC /* Main.storyboard */; };
		007FABD92675BBB700C460BC /* Movies.xcdatamodeld in Sources */ = {isa = PBXBuildFile; fileRef = 007FABD72675BBB700C460BC /* Movies.xcdatamodeld */; };
		007FABDB2675BBC500C460BC /* Assets.xcassets in Resources */ = {isa = PBXBuildFile; fileRef = 007FABDA2675BBC500C460BC /* Assets.xcassets */; };
		007FABDE2675BBC500C460BC /* LaunchScreen.storyboard in Resources */ = {isa = PBXBuildFile; fileRef = 007FABDC2675BBC500C460BC /* LaunchScreen.storyboard */; };
		007FABE92675BBC500C460BC /* MoviesTests.swift in Sources */ = {isa = PBXBuildFile; fileRef = 007FABE82675BBC500C460BC /* MoviesTests.swift */; };
		007FABF42675BBC500C460BC /* MoviesUITests.swift in Sources */ = {isa = PBXBuildFile; fileRef = 007FABF32675BBC500C460BC /* MoviesUITests.swift */; };
		007FAC032678476D00C460BC /* ManagerRequest.swift in Sources */ = {isa = PBXBuildFile; fileRef = 007FAC022678476D00C460BC /* ManagerRequest.swift */; };
		007FAC052678578B00C460BC /* ManagerRequestServices.swift in Sources */ = {isa = PBXBuildFile; fileRef = 007FAC042678578B00C460BC /* ManagerRequestServices.swift */; };
		007FAC08267859BA00C460BC /* Movie.swift in Sources */ = {isa = PBXBuildFile; fileRef = 007FAC07267859BA00C460BC /* Movie.swift */; };
		007FAC0A26785AC100C460BC /* AllMovie.swift in Sources */ = {isa = PBXBuildFile; fileRef = 007FAC0926785AC100C460BC /* AllMovie.swift */; };
		007FAC13267869F100C460BC /* HomeTableViewCell.swift in Sources */ = {isa = PBXBuildFile; fileRef = 007FAC11267869F100C460BC /* HomeTableViewCell.swift */; };
		007FAC14267869F100C460BC /* HomeTableViewCell.xib in Resources */ = {isa = PBXBuildFile; fileRef = 007FAC12267869F100C460BC /* HomeTableViewCell.xib */; };
		00A31AF326837544005F9CE6 /* ManagerRequestTest.swift in Sources */ = {isa = PBXBuildFile; fileRef = 00A31AF226837544005F9CE6 /* ManagerRequestTest.swift */; };
		2CC761666754FE1FCBFBE9C0 /* Pods_Movies_MoviesUITests.framework in Frameworks */ = {isa = PBXBuildFile; fileRef = 3338E1E6A6E59A1D0F35F32A /* Pods_Movies_MoviesUITests.framework */; };
		8193332F09153B9EAC709A84 /* Pods_MoviesTests.framework in Frameworks */ = {isa = PBXBuildFile; fileRef = 874E0DF00C19D325B555246F /* Pods_MoviesTests.framework */; };
		8C96E4EBA0E0635A9ACBF43B /* Pods_Movies.framework in Frameworks */ = {isa = PBXBuildFile; fileRef = 22CF52EE63D302972D5897B7 /* Pods_Movies.framework */; };
		E4EBE1970AB105E61DA92522 /* MoviesTests-MoviesMocks.generated.swift in Sources */ = {isa = PBXBuildFile; fileRef = 178557690CE112E286C4EC43 /* MoviesTests-MoviesMocks.generated.swift */; };
/* End PBXBuildFile section */

/* Begin PBXContainerItemProxy section */
		007FABE52675BBC500C460BC /* PBXContainerItemProxy */ = {
			isa = PBXContainerItemProxy;
			containerPortal = 007FABC32675BBB700C460BC /* Project object */;
			proxyType = 1;
			remoteGlobalIDString = 007FABCA2675BBB700C460BC;
			remoteInfo = Movies;
		};
		007FABF02675BBC500C460BC /* PBXContainerItemProxy */ = {
			isa = PBXContainerItemProxy;
			containerPortal = 007FABC32675BBB700C460BC /* Project object */;
			proxyType = 1;
			remoteGlobalIDString = 007FABCA2675BBB700C460BC;
			remoteInfo = Movies;
		};
/* End PBXContainerItemProxy section */

/* Begin PBXFileReference section */
		0023700D2678776E009FD868 /* HomeViewController.swift */ = {isa = PBXFileReference; lastKnownFileType = sourcecode.swift; path = HomeViewController.swift; sourceTree = "<group>"; };
		0023700E2678776E009FD868 /* HomeViewController.xib */ = {isa = PBXFileReference; lastKnownFileType = file.xib; path = HomeViewController.xib; sourceTree = "<group>"; };
		002DB0252682431D0051126C /* ManagerRequestServicesTest.swift */ = {isa = PBXFileReference; lastKnownFileType = sourcecode.swift; path = ManagerRequestServicesTest.swift; sourceTree = "<group>"; };
		0035DC9A2679195600E38896 /* Extensions.swift */ = {isa = PBXFileReference; lastKnownFileType = sourcecode.swift; path = Extensions.swift; sourceTree = "<group>"; };
		0035DC9F2679B6E400E38896 /* HomeInteractor.swift */ = {isa = PBXFileReference; lastKnownFileType = sourcecode.swift; path = HomeInteractor.swift; sourceTree = "<group>"; };
		0035DCA12679B70400E38896 /* HomeRouter.swift */ = {isa = PBXFileReference; lastKnownFileType = sourcecode.swift; path = HomeRouter.swift; sourceTree = "<group>"; };
		0035DCA32679B72900E38896 /* HomePresenter.swift */ = {isa = PBXFileReference; lastKnownFileType = sourcecode.swift; path = HomePresenter.swift; sourceTree = "<group>"; };
		005F9DB9267B98A500E8E3F4 /* ManagerCache.swift */ = {isa = PBXFileReference; lastKnownFileType = sourcecode.swift; path = ManagerCache.swift; sourceTree = "<group>"; };
		005F9DBE267BA10600E8E3F4 /* HomeDetailViewController.swift */ = {isa = PBXFileReference; lastKnownFileType = sourcecode.swift; path = HomeDetailViewController.swift; sourceTree = "<group>"; };
		005F9DBF267BA10600E8E3F4 /* HomeDetailViewController.xib */ = {isa = PBXFileReference; lastKnownFileType = file.xib; path = HomeDetailViewController.xib; sourceTree = "<group>"; };
		005F9DC6267BA40400E8E3F4 /* HomeDetailRouter.swift */ = {isa = PBXFileReference; lastKnownFileType = sourcecode.swift; path = HomeDetailRouter.swift; sourceTree = "<group>"; };
		005F9DCE267BAD0400E8E3F4 /* HomeDetailPresenter.swift */ = {isa = PBXFileReference; lastKnownFileType = sourcecode.swift; path = HomeDetailPresenter.swift; sourceTree = "<group>"; };
		005F9DD3267BAD3400E8E3F4 /* HomeDetailInteractor.swift */ = {isa = PBXFileReference; lastKnownFileType = sourcecode.swift; path = HomeDetailInteractor.swift; sourceTree = "<group>"; };
		005F9DD9267BB79200E8E3F4 /* RouterFacade.swift */ = {isa = PBXFileReference; lastKnownFileType = sourcecode.swift; path = RouterFacade.swift; sourceTree = "<group>"; };
		007FABCB2675BBB700C460BC /* Movies.app */ = {isa = PBXFileReference; explicitFileType = wrapper.application; includeInIndex = 0; path = Movies.app; sourceTree = BUILT_PRODUCTS_DIR; };
		007FABCE2675BBB700C460BC /* AppDelegate.swift */ = {isa = PBXFileReference; lastKnownFileType = sourcecode.swift; path = AppDelegate.swift; sourceTree = "<group>"; };
		007FABD02675BBB700C460BC /* SceneDelegate.swift */ = {isa = PBXFileReference; lastKnownFileType = sourcecode.swift; path = SceneDelegate.swift; sourceTree = "<group>"; };
		007FABD52675BBB700C460BC /* Base */ = {isa = PBXFileReference; lastKnownFileType = file.storyboard; name = Base; path = Base.lproj/Main.storyboard; sourceTree = "<group>"; };
		007FABD82675BBB700C460BC /* Movies.xcdatamodel */ = {isa = PBXFileReference; lastKnownFileType = wrapper.xcdatamodel; path = Movies.xcdatamodel; sourceTree = "<group>"; };
		007FABDA2675BBC500C460BC /* Assets.xcassets */ = {isa = PBXFileReference; lastKnownFileType = folder.assetcatalog; path = Assets.xcassets; sourceTree = "<group>"; };
		007FABDD2675BBC500C460BC /* Base */ = {isa = PBXFileReference; lastKnownFileType = file.storyboard; name = Base; path = Base.lproj/LaunchScreen.storyboard; sourceTree = "<group>"; };
		007FABDF2675BBC500C460BC /* Info.plist */ = {isa = PBXFileReference; lastKnownFileType = text.plist.xml; path = Info.plist; sourceTree = "<group>"; };
		007FABE42675BBC500C460BC /* MoviesTests.xctest */ = {isa = PBXFileReference; explicitFileType = wrapper.cfbundle; includeInIndex = 0; path = MoviesTests.xctest; sourceTree = BUILT_PRODUCTS_DIR; };
		007FABE82675BBC500C460BC /* MoviesTests.swift */ = {isa = PBXFileReference; lastKnownFileType = sourcecode.swift; path = MoviesTests.swift; sourceTree = "<group>"; };
		007FABEA2675BBC500C460BC /* Info.plist */ = {isa = PBXFileReference; lastKnownFileType = text.plist.xml; path = Info.plist; sourceTree = "<group>"; };
		007FABEF2675BBC500C460BC /* MoviesUITests.xctest */ = {isa = PBXFileReference; explicitFileType = wrapper.cfbundle; includeInIndex = 0; path = MoviesUITests.xctest; sourceTree = BUILT_PRODUCTS_DIR; };
		007FABF32675BBC500C460BC /* MoviesUITests.swift */ = {isa = PBXFileReference; lastKnownFileType = sourcecode.swift; path = MoviesUITests.swift; sourceTree = "<group>"; };
		007FABF52675BBC500C460BC /* Info.plist */ = {isa = PBXFileReference; lastKnownFileType = text.plist.xml; path = Info.plist; sourceTree = "<group>"; };
		007FAC022678476D00C460BC /* ManagerRequest.swift */ = {isa = PBXFileReference; lastKnownFileType = sourcecode.swift; path = ManagerRequest.swift; sourceTree = "<group>"; };
		007FAC042678578B00C460BC /* ManagerRequestServices.swift */ = {isa = PBXFileReference; lastKnownFileType = sourcecode.swift; path = ManagerRequestServices.swift; sourceTree = "<group>"; };
		007FAC07267859BA00C460BC /* Movie.swift */ = {isa = PBXFileReference; lastKnownFileType = sourcecode.swift; path = Movie.swift; sourceTree = "<group>"; };
		007FAC0926785AC100C460BC /* AllMovie.swift */ = {isa = PBXFileReference; lastKnownFileType = sourcecode.swift; path = AllMovie.swift; sourceTree = "<group>"; };
		007FAC11267869F100C460BC /* HomeTableViewCell.swift */ = {isa = PBXFileReference; lastKnownFileType = sourcecode.swift; path = HomeTableViewCell.swift; sourceTree = "<group>"; };
		007FAC12267869F100C460BC /* HomeTableViewCell.xib */ = {isa = PBXFileReference; lastKnownFileType = file.xib; path = HomeTableViewCell.xib; sourceTree = "<group>"; };
		00A31AF226837544005F9CE6 /* ManagerRequestTest.swift */ = {isa = PBXFileReference; lastKnownFileType = sourcecode.swift; path = ManagerRequestTest.swift; sourceTree = "<group>"; };
		178557690CE112E286C4EC43 /* MoviesTests-MoviesMocks.generated.swift */ = {isa = PBXFileReference; explicitFileType = sourcecode.swift; lastKnownFileType = sourcecode.swift; name = "MoviesTests-MoviesMocks.generated.swift"; path = "MockingbirdMocks/MoviesTests-MoviesMocks.generated.swift"; sourceTree = "<group>"; };
		22CF52EE63D302972D5897B7 /* Pods_Movies.framework */ = {isa = PBXFileReference; explicitFileType = wrapper.framework; includeInIndex = 0; path = Pods_Movies.framework; sourceTree = BUILT_PRODUCTS_DIR; };
		285B88F570ECE0FAABF91013 /* Pods-MoviesTests.release.xcconfig */ = {isa = PBXFileReference; includeInIndex = 1; lastKnownFileType = text.xcconfig; name = "Pods-MoviesTests.release.xcconfig"; path = "Target Support Files/Pods-MoviesTests/Pods-MoviesTests.release.xcconfig"; sourceTree = "<group>"; };
		3338E1E6A6E59A1D0F35F32A /* Pods_Movies_MoviesUITests.framework */ = {isa = PBXFileReference; explicitFileType = wrapper.framework; includeInIndex = 0; path = Pods_Movies_MoviesUITests.framework; sourceTree = BUILT_PRODUCTS_DIR; };
		48DDF448B8D2B47C2944B13C /* Pods-MoviesTests.debug.xcconfig */ = {isa = PBXFileReference; includeInIndex = 1; lastKnownFileType = text.xcconfig; name = "Pods-MoviesTests.debug.xcconfig"; path = "Target Support Files/Pods-MoviesTests/Pods-MoviesTests.debug.xcconfig"; sourceTree = "<group>"; };
		7ABA3D9A104923D302DE4AD3 /* Pods-Movies-MoviesUITests.debug.xcconfig */ = {isa = PBXFileReference; includeInIndex = 1; lastKnownFileType = text.xcconfig; name = "Pods-Movies-MoviesUITests.debug.xcconfig"; path = "Target Support Files/Pods-Movies-MoviesUITests/Pods-Movies-MoviesUITests.debug.xcconfig"; sourceTree = "<group>"; };
		84EB6EE1A6CFFC4750147754 /* Pods-Movies.debug.xcconfig */ = {isa = PBXFileReference; includeInIndex = 1; lastKnownFileType = text.xcconfig; name = "Pods-Movies.debug.xcconfig"; path = "Target Support Files/Pods-Movies/Pods-Movies.debug.xcconfig"; sourceTree = "<group>"; };
		874E0DF00C19D325B555246F /* Pods_MoviesTests.framework */ = {isa = PBXFileReference; explicitFileType = wrapper.framework; includeInIndex = 0; path = Pods_MoviesTests.framework; sourceTree = BUILT_PRODUCTS_DIR; };
		A1E7D60A80CF506CC610C903 /* Pods-Movies.release.xcconfig */ = {isa = PBXFileReference; includeInIndex = 1; lastKnownFileType = text.xcconfig; name = "Pods-Movies.release.xcconfig"; path = "Target Support Files/Pods-Movies/Pods-Movies.release.xcconfig"; sourceTree = "<group>"; };
		D747E7B4077EF43EED82B8EE /* Pods-Movies-MoviesUITests.release.xcconfig */ = {isa = PBXFileReference; includeInIndex = 1; lastKnownFileType = text.xcconfig; name = "Pods-Movies-MoviesUITests.release.xcconfig"; path = "Target Support Files/Pods-Movies-MoviesUITests/Pods-Movies-MoviesUITests.release.xcconfig"; sourceTree = "<group>"; };
/* End PBXFileReference section */

/* Begin PBXFrameworksBuildPhase section */
		007FABC82675BBB700C460BC /* Frameworks */ = {
			isa = PBXFrameworksBuildPhase;
			buildActionMask = 2147483647;
			files = (
				8C96E4EBA0E0635A9ACBF43B /* Pods_Movies.framework in Frameworks */,
			);
			runOnlyForDeploymentPostprocessing = 0;
		};
		007FABE12675BBC500C460BC /* Frameworks */ = {
			isa = PBXFrameworksBuildPhase;
			buildActionMask = 2147483647;
			files = (
				8193332F09153B9EAC709A84 /* Pods_MoviesTests.framework in Frameworks */,
			);
			runOnlyForDeploymentPostprocessing = 0;
		};
		007FABEC2675BBC500C460BC /* Frameworks */ = {
			isa = PBXFrameworksBuildPhase;
			buildActionMask = 2147483647;
			files = (
				2CC761666754FE1FCBFBE9C0 /* Pods_Movies_MoviesUITests.framework in Frameworks */,
			);
			runOnlyForDeploymentPostprocessing = 0;
		};
/* End PBXFrameworksBuildPhase section */

/* Begin PBXGroup section */
		002DB02A268243250051126C /* Services */ = {
			isa = PBXGroup;
			children = (
				002DB0252682431D0051126C /* ManagerRequestServicesTest.swift */,
				00A31AF226837544005F9CE6 /* ManagerRequestTest.swift */,
			);
			path = Services;
			sourceTree = "<group>";
		};
		0035DC992679194700E38896 /* Utils */ = {
			isa = PBXGroup;
			children = (
				0035DC9A2679195600E38896 /* Extensions.swift */,
			);
			path = Utils;
			sourceTree = "<group>";
		};
		0035DC9C2679B66C00E38896 /* HomeViper */ = {
			isa = PBXGroup;
			children = (
				0023700D2678776E009FD868 /* HomeViewController.swift */,
				0023700E2678776E009FD868 /* HomeViewController.xib */,
				0035DC9F2679B6E400E38896 /* HomeInteractor.swift */,
				0035DCA12679B70400E38896 /* HomeRouter.swift */,
				0035DCA32679B72900E38896 /* HomePresenter.swift */,
			);
			path = HomeViper;
			sourceTree = "<group>";
		};
		005F9DC5267BA39100E8E3F4 /* HomeDetailViper */ = {
			isa = PBXGroup;
			children = (
				005F9DBE267BA10600E8E3F4 /* HomeDetailViewController.swift */,
				005F9DBF267BA10600E8E3F4 /* HomeDetailViewController.xib */,
				005F9DC6267BA40400E8E3F4 /* HomeDetailRouter.swift */,
				005F9DCE267BAD0400E8E3F4 /* HomeDetailPresenter.swift */,
				005F9DD3267BAD3400E8E3F4 /* HomeDetailInteractor.swift */,
			);
			path = HomeDetailViper;
			sourceTree = "<group>";
		};
		005F9DD8267BB77300E8E3F4 /* Facade */ = {
			isa = PBXGroup;
			children = (
				005F9DD9267BB79200E8E3F4 /* RouterFacade.swift */,
			);
			path = Facade;
			sourceTree = "<group>";
		};
		007FABC22675BBB700C460BC = {
			isa = PBXGroup;
			children = (
				007FABCD2675BBB700C460BC /* Movies */,
				007FABE72675BBC500C460BC /* MoviesTests */,
				007FABF22675BBC500C460BC /* MoviesUITests */,
				007FABCC2675BBB700C460BC /* Products */,
				E67E80F3A7B9FC7F8885A579 /* Pods */,
				265F4921AC534705AAE38BEB /* Frameworks */,
				CF35573F28C9A648302B08CA /* Generated Mocks */,
			);
			sourceTree = "<group>";
		};
		007FABCC2675BBB700C460BC /* Products */ = {
			isa = PBXGroup;
			children = (
				007FABCB2675BBB700C460BC /* Movies.app */,
				007FABE42675BBC500C460BC /* MoviesTests.xctest */,
				007FABEF2675BBC500C460BC /* MoviesUITests.xctest */,
			);
			name = Products;
			sourceTree = "<group>";
		};
		007FABCD2675BBB700C460BC /* Movies */ = {
			isa = PBXGroup;
			children = (
				005F9DD8267BB77300E8E3F4 /* Facade */,
				005F9DC5267BA39100E8E3F4 /* HomeDetailViper */,
				0035DC9C2679B66C00E38896 /* HomeViper */,
				0035DC992679194700E38896 /* Utils */,
				007FAC10267869D700C460BC /* Views */,
				007FAC06267859AA00C460BC /* Entity */,
				007FAC012678473200C460BC /* Services */,
				007FABCE2675BBB700C460BC /* AppDelegate.swift */,
				007FABD02675BBB700C460BC /* SceneDelegate.swift */,
				007FABD42675BBB700C460BC /* Main.storyboard */,
				007FABDA2675BBC500C460BC /* Assets.xcassets */,
				007FABDC2675BBC500C460BC /* LaunchScreen.storyboard */,
				007FABDF2675BBC500C460BC /* Info.plist */,
				007FABD72675BBB700C460BC /* Movies.xcdatamodeld */,
			);
			path = Movies;
			sourceTree = "<group>";
		};
		007FABE72675BBC500C460BC /* MoviesTests */ = {
			isa = PBXGroup;
			children = (
				002DB02A268243250051126C /* Services */,
				007FABE82675BBC500C460BC /* MoviesTests.swift */,
				007FABEA2675BBC500C460BC /* Info.plist */,
			);
			path = MoviesTests;
			sourceTree = "<group>";
		};
		007FABF22675BBC500C460BC /* MoviesUITests */ = {
			isa = PBXGroup;
			children = (
				007FABF32675BBC500C460BC /* MoviesUITests.swift */,
				007FABF52675BBC500C460BC /* Info.plist */,
			);
			path = MoviesUITests;
			sourceTree = "<group>";
		};
		007FAC012678473200C460BC /* Services */ = {
			isa = PBXGroup;
			children = (
				007FAC022678476D00C460BC /* ManagerRequest.swift */,
				007FAC042678578B00C460BC /* ManagerRequestServices.swift */,
				005F9DB9267B98A500E8E3F4 /* ManagerCache.swift */,
			);
			path = Services;
			sourceTree = "<group>";
		};
		007FAC06267859AA00C460BC /* Entity */ = {
			isa = PBXGroup;
			children = (
				007FAC07267859BA00C460BC /* Movie.swift */,
				007FAC0926785AC100C460BC /* AllMovie.swift */,
			);
			path = Entity;
			sourceTree = "<group>";
		};
		007FAC10267869D700C460BC /* Views */ = {
			isa = PBXGroup;
			children = (
				007FAC11267869F100C460BC /* HomeTableViewCell.swift */,
				007FAC12267869F100C460BC /* HomeTableViewCell.xib */,
			);
			path = Views;
			sourceTree = "<group>";
		};
		265F4921AC534705AAE38BEB /* Frameworks */ = {
			isa = PBXGroup;
			children = (
				22CF52EE63D302972D5897B7 /* Pods_Movies.framework */,
				3338E1E6A6E59A1D0F35F32A /* Pods_Movies_MoviesUITests.framework */,
				874E0DF00C19D325B555246F /* Pods_MoviesTests.framework */,
			);
			name = Frameworks;
			sourceTree = "<group>";
		};
		CF35573F28C9A648302B08CA /* Generated Mocks */ = {
			isa = PBXGroup;
			children = (
				178557690CE112E286C4EC43 /* MoviesTests-MoviesMocks.generated.swift */,
			);
			name = "Generated Mocks";
			sourceTree = "<group>";
		};
		E67E80F3A7B9FC7F8885A579 /* Pods */ = {
			isa = PBXGroup;
			children = (
				84EB6EE1A6CFFC4750147754 /* Pods-Movies.debug.xcconfig */,
				A1E7D60A80CF506CC610C903 /* Pods-Movies.release.xcconfig */,
				7ABA3D9A104923D302DE4AD3 /* Pods-Movies-MoviesUITests.debug.xcconfig */,
				D747E7B4077EF43EED82B8EE /* Pods-Movies-MoviesUITests.release.xcconfig */,
				48DDF448B8D2B47C2944B13C /* Pods-MoviesTests.debug.xcconfig */,
				285B88F570ECE0FAABF91013 /* Pods-MoviesTests.release.xcconfig */,
			);
			path = Pods;
			sourceTree = "<group>";
		};
/* End PBXGroup section */

/* Begin PBXNativeTarget section */
		007FABCA2675BBB700C460BC /* Movies */ = {
			isa = PBXNativeTarget;
			buildConfigurationList = 007FABF82675BBC500C460BC /* Build configuration list for PBXNativeTarget "Movies" */;
			buildPhases = (
				6592BA1C6773CD92481E8687 /* [CP] Check Pods Manifest.lock */,
				007FABC72675BBB700C460BC /* Sources */,
				007FABC82675BBB700C460BC /* Frameworks */,
				007FABC92675BBB700C460BC /* Resources */,
			);
			buildRules = (
			);
			dependencies = (
			);
			name = Movies;
			productName = Movies;
			productReference = 007FABCB2675BBB700C460BC /* Movies.app */;
			productType = "com.apple.product-type.application";
		};
		007FABE32675BBC500C460BC /* MoviesTests */ = {
			isa = PBXNativeTarget;
			buildConfigurationList = 007FABFB2675BBC500C460BC /* Build configuration list for PBXNativeTarget "MoviesTests" */;
			buildPhases = (
				FFC925F3DB53DA5DF09A2BC4 /* [CP] Check Pods Manifest.lock */,
				77B15C28401E14EA8A6ECB6C /* Clean Mockingbird Mocks */,
				F0E6429CA0D24FCCD7F56FCB /* Generate Mockingbird Mocks */,
				007FABE02675BBC500C460BC /* Sources */,
				007FABE12675BBC500C460BC /* Frameworks */,
				007FABE22675BBC500C460BC /* Resources */,
				2AC88B683BAFD4C91A42D07E /* [CP] Embed Pods Frameworks */,
			);
			buildRules = (
			);
			dependencies = (
				007FABE62675BBC500C460BC /* PBXTargetDependency */,
			);
			name = MoviesTests;
			productName = MoviesTests;
			productReference = 007FABE42675BBC500C460BC /* MoviesTests.xctest */;
			productType = "com.apple.product-type.bundle.unit-test";
		};
		007FABEE2675BBC500C460BC /* MoviesUITests */ = {
			isa = PBXNativeTarget;
			buildConfigurationList = 007FABFE2675BBC500C460BC /* Build configuration list for PBXNativeTarget "MoviesUITests" */;
			buildPhases = (
				FB909E682FF516733C415C56 /* [CP] Check Pods Manifest.lock */,
				007FABEB2675BBC500C460BC /* Sources */,
				007FABEC2675BBC500C460BC /* Frameworks */,
				007FABED2675BBC500C460BC /* Resources */,
			);
			buildRules = (
			);
			dependencies = (
				007FABF12675BBC500C460BC /* PBXTargetDependency */,
			);
			name = MoviesUITests;
			productName = MoviesUITests;
			productReference = 007FABEF2675BBC500C460BC /* MoviesUITests.xctest */;
			productType = "com.apple.product-type.bundle.ui-testing";
		};
/* End PBXNativeTarget section */

/* Begin PBXProject section */
		007FABC32675BBB700C460BC /* Project object */ = {
			isa = PBXProject;
			attributes = {
				LastSwiftUpdateCheck = 1250;
				LastUpgradeCheck = 1250;
				TargetAttributes = {
					007FABCA2675BBB700C460BC = {
						CreatedOnToolsVersion = 12.5;
					};
					007FABE32675BBC500C460BC = {
						CreatedOnToolsVersion = 12.5;
						TestTargetID = 007FABCA2675BBB700C460BC;
					};
					007FABEE2675BBC500C460BC = {
						CreatedOnToolsVersion = 12.5;
						TestTargetID = 007FABCA2675BBB700C460BC;
					};
				};
			};
			buildConfigurationList = 007FABC62675BBB700C460BC /* Build configuration list for PBXProject "Movies" */;
			compatibilityVersion = "Xcode 9.3";
			developmentRegion = en;
			hasScannedForEncodings = 0;
			knownRegions = (
				en,
				Base,
			);
			mainGroup = 007FABC22675BBB700C460BC;
			productRefGroup = 007FABCC2675BBB700C460BC /* Products */;
			projectDirPath = "";
			projectRoot = "";
			targets = (
				007FABCA2675BBB700C460BC /* Movies */,
				007FABE32675BBC500C460BC /* MoviesTests */,
				007FABEE2675BBC500C460BC /* MoviesUITests */,
			);
		};
/* End PBXProject section */

/* Begin PBXResourcesBuildPhase section */
		007FABC92675BBB700C460BC /* Resources */ = {
			isa = PBXResourcesBuildPhase;
			buildActionMask = 2147483647;
			files = (
				007FABDE2675BBC500C460BC /* LaunchScreen.storyboard in Resources */,
				007FABDB2675BBC500C460BC /* Assets.xcassets in Resources */,
				007FABD62675BBB700C460BC /* Main.storyboard in Resources */,
				007FAC14267869F100C460BC /* HomeTableViewCell.xib in Resources */,
				005F9DC1267BA10600E8E3F4 /* HomeDetailViewController.xib in Resources */,
				002370102678776E009FD868 /* HomeViewController.xib in Resources */,
			);
			runOnlyForDeploymentPostprocessing = 0;
		};
		007FABE22675BBC500C460BC /* Resources */ = {
			isa = PBXResourcesBuildPhase;
			buildActionMask = 2147483647;
			files = (
			);
			runOnlyForDeploymentPostprocessing = 0;
		};
		007FABED2675BBC500C460BC /* Resources */ = {
			isa = PBXResourcesBuildPhase;
			buildActionMask = 2147483647;
			files = (
			);
			runOnlyForDeploymentPostprocessing = 0;
		};
/* End PBXResourcesBuildPhase section */

/* Begin PBXShellScriptBuildPhase section */
		2AC88B683BAFD4C91A42D07E /* [CP] Embed Pods Frameworks */ = {
			isa = PBXShellScriptBuildPhase;
			buildActionMask = 2147483647;
			files = (
			);
			inputFileListPaths = (
				"${PODS_ROOT}/Target Support Files/Pods-MoviesTests/Pods-MoviesTests-frameworks-${CONFIGURATION}-input-files.xcfilelist",
			);
			name = "[CP] Embed Pods Frameworks";
			outputFileListPaths = (
				"${PODS_ROOT}/Target Support Files/Pods-MoviesTests/Pods-MoviesTests-frameworks-${CONFIGURATION}-output-files.xcfilelist",
			);
			runOnlyForDeploymentPostprocessing = 0;
			shellPath = /bin/sh;
			shellScript = "\"${PODS_ROOT}/Target Support Files/Pods-MoviesTests/Pods-MoviesTests-frameworks.sh\"\n";
			showEnvVarsInLog = 0;
		};
		6592BA1C6773CD92481E8687 /* [CP] Check Pods Manifest.lock */ = {
			isa = PBXShellScriptBuildPhase;
			buildActionMask = 2147483647;
			files = (
			);
			inputFileListPaths = (
			);
			inputPaths = (
				"${PODS_PODFILE_DIR_PATH}/Podfile.lock",
				"${PODS_ROOT}/Manifest.lock",
			);
			name = "[CP] Check Pods Manifest.lock";
			outputFileListPaths = (
			);
			outputPaths = (
				"$(DERIVED_FILE_DIR)/Pods-Movies-checkManifestLockResult.txt",
			);
			runOnlyForDeploymentPostprocessing = 0;
			shellPath = /bin/sh;
			shellScript = "diff \"${PODS_PODFILE_DIR_PATH}/Podfile.lock\" \"${PODS_ROOT}/Manifest.lock\" > /dev/null\nif [ $? != 0 ] ; then\n    # print error to STDERR\n    echo \"error: The sandbox is not in sync with the Podfile.lock. Run 'pod install' or update your CocoaPods installation.\" >&2\n    exit 1\nfi\n# This output is used by Xcode 'outputs' to avoid re-running this script phase.\necho \"SUCCESS\" > \"${SCRIPT_OUTPUT_FILE_0}\"\n";
			showEnvVarsInLog = 0;
		};
		77B15C28401E14EA8A6ECB6C /* Clean Mockingbird Mocks */ = {
			isa = PBXShellScriptBuildPhase;
			buildActionMask = 2147483647;
			files = (
			);
			inputPaths = (
			);
			name = "Clean Mockingbird Mocks";
			outputPaths = (
				"/tmp/Mockingbird-2A32E8D3-4041-47AA-88DD-94C73259D1F6",
			);
			runOnlyForDeploymentPostprocessing = 0;
			shellPath = /bin/sh;
			shellScript = "echo $RANDOM > '/tmp/Mockingbird-2A32E8D3-4041-47AA-88DD-94C73259D1F6'\n";
		};
		F0E6429CA0D24FCCD7F56FCB /* Generate Mockingbird Mocks */ = {
			isa = PBXShellScriptBuildPhase;
			buildActionMask = 2147483647;
			files = (
			);
			inputPaths = (
				"/tmp/Mockingbird-2A32E8D3-4041-47AA-88DD-94C73259D1F6",
			);
			name = "Generate Mockingbird Mocks";
			outputPaths = (
				"$(SRCROOT)/MockingbirdMocks/MoviesTests-MoviesMocks.generated.swift",
			);
			runOnlyForDeploymentPostprocessing = 0;
			shellPath = /bin/sh;
			shellScript = "set -e\n\nmockingbird generate \\\n  --targets 'Movies' \\\n  --outputs \"${SRCROOT}/MockingbirdMocks/MoviesTests-MoviesMocks.generated.swift\" \\\n  --support \"${SRCROOT}/MockingbirdSupport\"\n\n# Ensure mocks are generated prior to running Compile Sources\nrm -f '/tmp/Mockingbird-2A32E8D3-4041-47AA-88DD-94C73259D1F6'\n";
		};
		FB909E682FF516733C415C56 /* [CP] Check Pods Manifest.lock */ = {
			isa = PBXShellScriptBuildPhase;
			buildActionMask = 2147483647;
			files = (
			);
			inputFileListPaths = (
			);
			inputPaths = (
				"${PODS_PODFILE_DIR_PATH}/Podfile.lock",
				"${PODS_ROOT}/Manifest.lock",
			);
			name = "[CP] Check Pods Manifest.lock";
			outputFileListPaths = (
			);
			outputPaths = (
				"$(DERIVED_FILE_DIR)/Pods-Movies-MoviesUITests-checkManifestLockResult.txt",
			);
			runOnlyForDeploymentPostprocessing = 0;
			shellPath = /bin/sh;
			shellScript = "diff \"${PODS_PODFILE_DIR_PATH}/Podfile.lock\" \"${PODS_ROOT}/Manifest.lock\" > /dev/null\nif [ $? != 0 ] ; then\n    # print error to STDERR\n    echo \"error: The sandbox is not in sync with the Podfile.lock. Run 'pod install' or update your CocoaPods installation.\" >&2\n    exit 1\nfi\n# This output is used by Xcode 'outputs' to avoid re-running this script phase.\necho \"SUCCESS\" > \"${SCRIPT_OUTPUT_FILE_0}\"\n";
			showEnvVarsInLog = 0;
		};
		FFC925F3DB53DA5DF09A2BC4 /* [CP] Check Pods Manifest.lock */ = {
			isa = PBXShellScriptBuildPhase;
			buildActionMask = 2147483647;
			files = (
			);
			inputFileListPaths = (
			);
			inputPaths = (
				"${PODS_PODFILE_DIR_PATH}/Podfile.lock",
				"${PODS_ROOT}/Manifest.lock",
			);
			name = "[CP] Check Pods Manifest.lock";
			outputFileListPaths = (
			);
			outputPaths = (
				"$(DERIVED_FILE_DIR)/Pods-MoviesTests-checkManifestLockResult.txt",
			);
			runOnlyForDeploymentPostprocessing = 0;
			shellPath = /bin/sh;
			shellScript = "diff \"${PODS_PODFILE_DIR_PATH}/Podfile.lock\" \"${PODS_ROOT}/Manifest.lock\" > /dev/null\nif [ $? != 0 ] ; then\n    # print error to STDERR\n    echo \"error: The sandbox is not in sync with the Podfile.lock. Run 'pod install' or update your CocoaPods installation.\" >&2\n    exit 1\nfi\n# This output is used by Xcode 'outputs' to avoid re-running this script phase.\necho \"SUCCESS\" > \"${SCRIPT_OUTPUT_FILE_0}\"\n";
			showEnvVarsInLog = 0;
		};
/* End PBXShellScriptBuildPhase section */

/* Begin PBXSourcesBuildPhase section */
		007FABC72675BBB700C460BC /* Sources */ = {
			isa = PBXSourcesBuildPhase;
			buildActionMask = 2147483647;
			files = (
				005F9DC0267BA10600E8E3F4 /* HomeDetailViewController.swift in Sources */,
				005F9DBA267B98A500E8E3F4 /* ManagerCache.swift in Sources */,
				007FAC08267859BA00C460BC /* Movie.swift in Sources */,
				007FAC0A26785AC100C460BC /* AllMovie.swift in Sources */,
				007FABCF2675BBB700C460BC /* AppDelegate.swift in Sources */,
				0035DCA02679B6E400E38896 /* HomeInteractor.swift in Sources */,
				007FABD92675BBB700C460BC /* Movies.xcdatamodeld in Sources */,
				0023700F2678776E009FD868 /* HomeViewController.swift in Sources */,
				005F9DD4267BAD3400E8E3F4 /* HomeDetailInteractor.swift in Sources */,
				0035DCA22679B70400E38896 /* HomeRouter.swift in Sources */,
				0035DCA42679B72900E38896 /* HomePresenter.swift in Sources */,
				005F9DDA267BB79200E8E3F4 /* RouterFacade.swift in Sources */,
				0035DC9B2679195600E38896 /* Extensions.swift in Sources */,
				007FAC13267869F100C460BC /* HomeTableViewCell.swift in Sources */,
				007FAC052678578B00C460BC /* ManagerRequestServices.swift in Sources */,
				007FAC032678476D00C460BC /* ManagerRequest.swift in Sources */,
				005F9DC7267BA40400E8E3F4 /* HomeDetailRouter.swift in Sources */,
				005F9DCF267BAD0400E8E3F4 /* HomeDetailPresenter.swift in Sources */,
				007FABD12675BBB700C460BC /* SceneDelegate.swift in Sources */,
			);
			runOnlyForDeploymentPostprocessing = 0;
		};
		007FABE02675BBC500C460BC /* Sources */ = {
			isa = PBXSourcesBuildPhase;
			buildActionMask = 2147483647;
			files = (
				007FABE92675BBC500C460BC /* MoviesTests.swift in Sources */,
				00A31AF326837544005F9CE6 /* ManagerRequestTest.swift in Sources */,
				002DB0262682431D0051126C /* ManagerRequestServicesTest.swift in Sources */,
				E4EBE1970AB105E61DA92522 /* MoviesTests-MoviesMocks.generated.swift in Sources */,
			);
			runOnlyForDeploymentPostprocessing = 0;
		};
		007FABEB2675BBC500C460BC /* Sources */ = {
			isa = PBXSourcesBuildPhase;
			buildActionMask = 2147483647;
			files = (
				007FABF42675BBC500C460BC /* MoviesUITests.swift in Sources */,
			);
			runOnlyForDeploymentPostprocessing = 0;
		};
/* End PBXSourcesBuildPhase section */

/* Begin PBXTargetDependency section */
		007FABE62675BBC500C460BC /* PBXTargetDependency */ = {
			isa = PBXTargetDependency;
			target = 007FABCA2675BBB700C460BC /* Movies */;
			targetProxy = 007FABE52675BBC500C460BC /* PBXContainerItemProxy */;
		};
		007FABF12675BBC500C460BC /* PBXTargetDependency */ = {
			isa = PBXTargetDependency;
			target = 007FABCA2675BBB700C460BC /* Movies */;
			targetProxy = 007FABF02675BBC500C460BC /* PBXContainerItemProxy */;
		};
/* End PBXTargetDependency section */

/* Begin PBXVariantGroup section */
		007FABD42675BBB700C460BC /* Main.storyboard */ = {
			isa = PBXVariantGroup;
			children = (
				007FABD52675BBB700C460BC /* Base */,
			);
			name = Main.storyboard;
			sourceTree = "<group>";
		};
		007FABDC2675BBC500C460BC /* LaunchScreen.storyboard */ = {
			isa = PBXVariantGroup;
			children = (
				007FABDD2675BBC500C460BC /* Base */,
			);
			name = LaunchScreen.storyboard;
			sourceTree = "<group>";
		};
/* End PBXVariantGroup section */

/* Begin XCBuildConfiguration section */
		007FABF62675BBC500C460BC /* Debug */ = {
			isa = XCBuildConfiguration;
			buildSettings = {
				ALWAYS_SEARCH_USER_PATHS = NO;
				CLANG_ANALYZER_NONNULL = YES;
				CLANG_ANALYZER_NUMBER_OBJECT_CONVERSION = YES_AGGRESSIVE;
				CLANG_CXX_LANGUAGE_STANDARD = "gnu++14";
				CLANG_CXX_LIBRARY = "libc++";
				CLANG_ENABLE_MODULES = YES;
				CLANG_ENABLE_OBJC_ARC = YES;
				CLANG_ENABLE_OBJC_WEAK = YES;
				CLANG_WARN_BLOCK_CAPTURE_AUTORELEASING = YES;
				CLANG_WARN_BOOL_CONVERSION = YES;
				CLANG_WARN_COMMA = YES;
				CLANG_WARN_CONSTANT_CONVERSION = YES;
				CLANG_WARN_DEPRECATED_OBJC_IMPLEMENTATIONS = YES;
				CLANG_WARN_DIRECT_OBJC_ISA_USAGE = YES_ERROR;
				CLANG_WARN_DOCUMENTATION_COMMENTS = YES;
				CLANG_WARN_EMPTY_BODY = YES;
				CLANG_WARN_ENUM_CONVERSION = YES;
				CLANG_WARN_INFINITE_RECURSION = YES;
				CLANG_WARN_INT_CONVERSION = YES;
				CLANG_WARN_NON_LITERAL_NULL_CONVERSION = YES;
				CLANG_WARN_OBJC_IMPLICIT_RETAIN_SELF = YES;
				CLANG_WARN_OBJC_LITERAL_CONVERSION = YES;
				CLANG_WARN_OBJC_ROOT_CLASS = YES_ERROR;
				CLANG_WARN_QUOTED_INCLUDE_IN_FRAMEWORK_HEADER = YES;
				CLANG_WARN_RANGE_LOOP_ANALYSIS = YES;
				CLANG_WARN_STRICT_PROTOTYPES = YES;
				CLANG_WARN_SUSPICIOUS_MOVE = YES;
				CLANG_WARN_UNGUARDED_AVAILABILITY = YES_AGGRESSIVE;
				CLANG_WARN_UNREACHABLE_CODE = YES;
				CLANG_WARN__DUPLICATE_METHOD_MATCH = YES;
				COPY_PHASE_STRIP = NO;
				DEBUG_INFORMATION_FORMAT = dwarf;
				ENABLE_STRICT_OBJC_MSGSEND = YES;
				ENABLE_TESTABILITY = YES;
				GCC_C_LANGUAGE_STANDARD = gnu11;
				GCC_DYNAMIC_NO_PIC = NO;
				GCC_NO_COMMON_BLOCKS = YES;
				GCC_OPTIMIZATION_LEVEL = 0;
				GCC_PREPROCESSOR_DEFINITIONS = (
					"DEBUG=1",
					"$(inherited)",
				);
				GCC_WARN_64_TO_32_BIT_CONVERSION = YES;
				GCC_WARN_ABOUT_RETURN_TYPE = YES_ERROR;
				GCC_WARN_UNDECLARED_SELECTOR = YES;
				GCC_WARN_UNINITIALIZED_AUTOS = YES_AGGRESSIVE;
				GCC_WARN_UNUSED_FUNCTION = YES;
				GCC_WARN_UNUSED_VARIABLE = YES;
				IPHONEOS_DEPLOYMENT_TARGET = 14.5;
				MTL_ENABLE_DEBUG_INFO = INCLUDE_SOURCE;
				MTL_FAST_MATH = YES;
				ONLY_ACTIVE_ARCH = YES;
				SDKROOT = iphoneos;
				SWIFT_ACTIVE_COMPILATION_CONDITIONS = DEBUG;
				SWIFT_OPTIMIZATION_LEVEL = "-Onone";
			};
			name = Debug;
		};
		007FABF72675BBC500C460BC /* Release */ = {
			isa = XCBuildConfiguration;
			buildSettings = {
				ALWAYS_SEARCH_USER_PATHS = NO;
				CLANG_ANALYZER_NONNULL = YES;
				CLANG_ANALYZER_NUMBER_OBJECT_CONVERSION = YES_AGGRESSIVE;
				CLANG_CXX_LANGUAGE_STANDARD = "gnu++14";
				CLANG_CXX_LIBRARY = "libc++";
				CLANG_ENABLE_MODULES = YES;
				CLANG_ENABLE_OBJC_ARC = YES;
				CLANG_ENABLE_OBJC_WEAK = YES;
				CLANG_WARN_BLOCK_CAPTURE_AUTORELEASING = YES;
				CLANG_WARN_BOOL_CONVERSION = YES;
				CLANG_WARN_COMMA = YES;
				CLANG_WARN_CONSTANT_CONVERSION = YES;
				CLANG_WARN_DEPRECATED_OBJC_IMPLEMENTATIONS = YES;
				CLANG_WARN_DIRECT_OBJC_ISA_USAGE = YES_ERROR;
				CLANG_WARN_DOCUMENTATION_COMMENTS = YES;
				CLANG_WARN_EMPTY_BODY = YES;
				CLANG_WARN_ENUM_CONVERSION = YES;
				CLANG_WARN_INFINITE_RECURSION = YES;
				CLANG_WARN_INT_CONVERSION = YES;
				CLANG_WARN_NON_LITERAL_NULL_CONVERSION = YES;
				CLANG_WARN_OBJC_IMPLICIT_RETAIN_SELF = YES;
				CLANG_WARN_OBJC_LITERAL_CONVERSION = YES;
				CLANG_WARN_OBJC_ROOT_CLASS = YES_ERROR;
				CLANG_WARN_QUOTED_INCLUDE_IN_FRAMEWORK_HEADER = YES;
				CLANG_WARN_RANGE_LOOP_ANALYSIS = YES;
				CLANG_WARN_STRICT_PROTOTYPES = YES;
				CLANG_WARN_SUSPICIOUS_MOVE = YES;
				CLANG_WARN_UNGUARDED_AVAILABILITY = YES_AGGRESSIVE;
				CLANG_WARN_UNREACHABLE_CODE = YES;
				CLANG_WARN__DUPLICATE_METHOD_MATCH = YES;
				COPY_PHASE_STRIP = NO;
				DEBUG_INFORMATION_FORMAT = "dwarf-with-dsym";
				ENABLE_NS_ASSERTIONS = NO;
				ENABLE_STRICT_OBJC_MSGSEND = YES;
				GCC_C_LANGUAGE_STANDARD = gnu11;
				GCC_NO_COMMON_BLOCKS = YES;
				GCC_WARN_64_TO_32_BIT_CONVERSION = YES;
				GCC_WARN_ABOUT_RETURN_TYPE = YES_ERROR;
				GCC_WARN_UNDECLARED_SELECTOR = YES;
				GCC_WARN_UNINITIALIZED_AUTOS = YES_AGGRESSIVE;
				GCC_WARN_UNUSED_FUNCTION = YES;
				GCC_WARN_UNUSED_VARIABLE = YES;
				IPHONEOS_DEPLOYMENT_TARGET = 14.5;
				MTL_ENABLE_DEBUG_INFO = NO;
				MTL_FAST_MATH = YES;
				SDKROOT = iphoneos;
				SWIFT_COMPILATION_MODE = wholemodule;
				SWIFT_OPTIMIZATION_LEVEL = "-O";
				VALIDATE_PRODUCT = YES;
			};
			name = Release;
		};
		007FABF92675BBC500C460BC /* Debug */ = {
			isa = XCBuildConfiguration;
			baseConfigurationReference = 84EB6EE1A6CFFC4750147754 /* Pods-Movies.debug.xcconfig */;
			buildSettings = {
				ASSETCATALOG_COMPILER_APPICON_NAME = AppIcon;
				ASSETCATALOG_COMPILER_GLOBAL_ACCENT_COLOR_NAME = AccentColor;
				CODE_SIGN_STYLE = Automatic;
				DEVELOPMENT_TEAM = S6F9QFA4T9;
				INFOPLIST_FILE = Movies/Info.plist;
				IPHONEOS_DEPLOYMENT_TARGET = 13.0;
				LD_RUNPATH_SEARCH_PATHS = (
					"$(inherited)",
					"@executable_path/Frameworks",
				);
				PRODUCT_BUNDLE_IDENTIFIER = com.rsdl.Movies;
				PRODUCT_NAME = "$(TARGET_NAME)";
				SWIFT_VERSION = 5.0;
				TARGETED_DEVICE_FAMILY = 1;
			};
			name = Debug;
		};
		007FABFA2675BBC500C460BC /* Release */ = {
			isa = XCBuildConfiguration;
			baseConfigurationReference = A1E7D60A80CF506CC610C903 /* Pods-Movies.release.xcconfig */;
			buildSettings = {
				ASSETCATALOG_COMPILER_APPICON_NAME = AppIcon;
				ASSETCATALOG_COMPILER_GLOBAL_ACCENT_COLOR_NAME = AccentColor;
				CODE_SIGN_STYLE = Automatic;
				DEVELOPMENT_TEAM = S6F9QFA4T9;
				INFOPLIST_FILE = Movies/Info.plist;
				IPHONEOS_DEPLOYMENT_TARGET = 13.0;
				LD_RUNPATH_SEARCH_PATHS = (
					"$(inherited)",
					"@executable_path/Frameworks",
				);
				PRODUCT_BUNDLE_IDENTIFIER = com.rsdl.Movies;
				PRODUCT_NAME = "$(TARGET_NAME)";
				SWIFT_VERSION = 5.0;
				TARGETED_DEVICE_FAMILY = 1;
			};
			name = Release;
		};
		007FABFC2675BBC500C460BC /* Debug */ = {
			isa = XCBuildConfiguration;
			baseConfigurationReference = 48DDF448B8D2B47C2944B13C /* Pods-MoviesTests.debug.xcconfig */;
			buildSettings = {
				ALWAYS_EMBED_SWIFT_STANDARD_LIBRARIES = YES;
				BUNDLE_LOADER = "$(TEST_HOST)";
				CODE_SIGN_STYLE = Automatic;
				DEVELOPMENT_TEAM = S6F9QFA4T9;
				INFOPLIST_FILE = MoviesTests/Info.plist;
				IPHONEOS_DEPLOYMENT_TARGET = 13.0;
				LD_RUNPATH_SEARCH_PATHS = (
					"$(inherited)",
					"@executable_path/Frameworks",
					"@loader_path/Frameworks",
				);
				PRODUCT_BUNDLE_IDENTIFIER = com.rsdl.MoviesTests;
				PRODUCT_NAME = "$(TARGET_NAME)";
				SWIFT_VERSION = 5.0;
				TARGETED_DEVICE_FAMILY = "1,2";
				TEST_HOST = "$(BUILT_PRODUCTS_DIR)/Movies.app/Movies";
			};
			name = Debug;
		};
		007FABFD2675BBC500C460BC /* Release */ = {
			isa = XCBuildConfiguration;
			baseConfigurationReference = 285B88F570ECE0FAABF91013 /* Pods-MoviesTests.release.xcconfig */;
			buildSettings = {
				ALWAYS_EMBED_SWIFT_STANDARD_LIBRARIES = YES;
				BUNDLE_LOADER = "$(TEST_HOST)";
				CODE_SIGN_STYLE = Automatic;
				DEVELOPMENT_TEAM = S6F9QFA4T9;
				INFOPLIST_FILE = MoviesTests/Info.plist;
				IPHONEOS_DEPLOYMENT_TARGET = 13.0;
				LD_RUNPATH_SEARCH_PATHS = (
					"$(inherited)",
					"@executable_path/Frameworks",
					"@loader_path/Frameworks",
				);
				PRODUCT_BUNDLE_IDENTIFIER = com.rsdl.MoviesTests;
				PRODUCT_NAME = "$(TARGET_NAME)";
				SWIFT_VERSION = 5.0;
				TARGETED_DEVICE_FAMILY = "1,2";
				TEST_HOST = "$(BUILT_PRODUCTS_DIR)/Movies.app/Movies";
			};
			name = Release;
		};
		007FABFF2675BBC500C460BC /* Debug */ = {
			isa = XCBuildConfiguration;
			baseConfigurationReference = 7ABA3D9A104923D302DE4AD3 /* Pods-Movies-MoviesUITests.debug.xcconfig */;
			buildSettings = {
				ALWAYS_EMBED_SWIFT_STANDARD_LIBRARIES = YES;
				CODE_SIGN_STYLE = Automatic;
				DEVELOPMENT_TEAM = S6F9QFA4T9;
				INFOPLIST_FILE = MoviesUITests/Info.plist;
				IPHONEOS_DEPLOYMENT_TARGET = 13.0;
				LD_RUNPATH_SEARCH_PATHS = (
					"$(inherited)",
					"@executable_path/Frameworks",
					"@loader_path/Frameworks",
				);
				PRODUCT_BUNDLE_IDENTIFIER = com.rsdl.MoviesUITests;
				PRODUCT_NAME = "$(TARGET_NAME)";
				SWIFT_VERSION = 5.0;
				TARGETED_DEVICE_FAMILY = "1,2";
				TEST_TARGET_NAME = Movies;
			};
			name = Debug;
		};
		007FAC002675BBC500C460BC /* Release */ = {
			isa = XCBuildConfiguration;
			baseConfigurationReference = D747E7B4077EF43EED82B8EE /* Pods-Movies-MoviesUITests.release.xcconfig */;
			buildSettings = {
				ALWAYS_EMBED_SWIFT_STANDARD_LIBRARIES = YES;
				CODE_SIGN_STYLE = Automatic;
				DEVELOPMENT_TEAM = S6F9QFA4T9;
				INFOPLIST_FILE = MoviesUITests/Info.plist;
				IPHONEOS_DEPLOYMENT_TARGET = 13.0;
				LD_RUNPATH_SEARCH_PATHS = (
					"$(inherited)",
					"@executable_path/Frameworks",
					"@loader_path/Frameworks",
				);
				PRODUCT_BUNDLE_IDENTIFIER = com.rsdl.MoviesUITests;
				PRODUCT_NAME = "$(TARGET_NAME)";
				SWIFT_VERSION = 5.0;
				TARGETED_DEVICE_FAMILY = "1,2";
				TEST_TARGET_NAME = Movies;
			};
			name = Release;
		};
/* End XCBuildConfiguration section */

/* Begin XCConfigurationList section */
		007FABC62675BBB700C460BC /* Build configuration list for PBXProject "Movies" */ = {
			isa = XCConfigurationList;
			buildConfigurations = (
				007FABF62675BBC500C460BC /* Debug */,
				007FABF72675BBC500C460BC /* Release */,
			);
			defaultConfigurationIsVisible = 0;
			defaultConfigurationName = Release;
		};
		007FABF82675BBC500C460BC /* Build configuration list for PBXNativeTarget "Movies" */ = {
			isa = XCConfigurationList;
			buildConfigurations = (
				007FABF92675BBC500C460BC /* Debug */,
				007FABFA2675BBC500C460BC /* Release */,
			);
			defaultConfigurationIsVisible = 0;
			defaultConfigurationName = Release;
		};
		007FABFB2675BBC500C460BC /* Build configuration list for PBXNativeTarget "MoviesTests" */ = {
			isa = XCConfigurationList;
			buildConfigurations = (
				007FABFC2675BBC500C460BC /* Debug */,
				007FABFD2675BBC500C460BC /* Release */,
			);
			defaultConfigurationIsVisible = 0;
			defaultConfigurationName = Release;
		};
		007FABFE2675BBC500C460BC /* Build configuration list for PBXNativeTarget "MoviesUITests" */ = {
			isa = XCConfigurationList;
			buildConfigurations = (
				007FABFF2675BBC500C460BC /* Debug */,
				007FAC002675BBC500C460BC /* Release */,
			);
			defaultConfigurationIsVisible = 0;
			defaultConfigurationName = Release;
		};
/* End XCConfigurationList section */

/* Begin XCVersionGroup section */
		007FABD72675BBB700C460BC /* Movies.xcdatamodeld */ = {
			isa = XCVersionGroup;
			children = (
				007FABD82675BBB700C460BC /* Movies.xcdatamodel */,
			);
			currentVersion = 007FABD82675BBB700C460BC /* Movies.xcdatamodel */;
			path = Movies.xcdatamodeld;
			sourceTree = "<group>";
			versionGroupType = wrapper.xcdatamodel;
		};
/* End XCVersionGroup section */
	};
	rootObject = 007FABC32675BBB700C460BC /* Project object */;
}
