{"cliVersion":"0.16.0","productModuleName":"Movies","sourceFilePaths":[{"path":"\/Users\/reinnerdazaleiva\/Developer\/Swift\/Movies\/Movies\/AppDelegate.swift","hash":"5908e874d059e7ee86d0a96d11e234ed65f90fd2"},{"path":"\/Users\/reinnerdazaleiva\/Developer\/Swift\/Movies\/Movies\/Entity\/AllMovie.swift","hash":"81d1b4001414e30db865c5b1225cc57430c002f0"},{"path":"\/Users\/reinnerdazaleiva\/Developer\/Swift\/Movies\/Movies\/Entity\/Movie.swift","hash":"43aac05c991b7ac81ce7c90f9953dea59e4fd0b9"},{"path":"\/Users\/reinnerdazaleiva\/Developer\/Swift\/Movies\/Movies\/Facade\/RouterFacade.swift","hash":"685003a1c8b726fc695209dcd07b3c252ef5ea25"},{"path":"\/Users\/reinnerdazaleiva\/Developer\/Swift\/Movies\/Movies\/HomeDetailViper\/HomeDetailInteractor.swift","hash":"09f5aca55c2c7c51d44a37dabec10e5a24198640"},{"path":"\/Users\/reinnerdazaleiva\/Developer\/Swift\/Movies\/Movies\/HomeDetailViper\/HomeDetailPresenter.swift","hash":"79b1b51fbff9054e892ec826220c744721968eea"},{"path":"\/Users\/reinnerdazaleiva\/Developer\/Swift\/Movies\/Movies\/HomeDetailViper\/HomeDetailRouter.swift","hash":"0c95fe4979a4cc1cce3f83a621283aeaeff7f55f"},{"path":"\/Users\/reinnerdazaleiva\/Developer\/Swift\/Movies\/Movies\/HomeDetailViper\/HomeDetailViewController.swift","hash":"6246166b60053f8f83121c349d01c1745eb2737c"},{"path":"\/Users\/reinnerdazaleiva\/Developer\/Swift\/Movies\/Movies\/HomeViper\/HomeInteractor.swift","hash":"afdbd4a169e329cafc1ac94f0c9a010a0dd308ab"},{"path":"\/Users\/reinnerdazaleiva\/Developer\/Swift\/Movies\/Movies\/HomeViper\/HomePresenter.swift","hash":"cbd07e1a5bcbe23b44e0466df06f0867d1e5fb54"},{"path":"\/Users\/reinnerdazaleiva\/Developer\/Swift\/Movies\/Movies\/HomeViper\/HomeRouter.swift","hash":"b47b071830e69b4954a5e5b72ad567c1614bd1a7"},{"path":"\/Users\/reinnerdazaleiva\/Developer\/Swift\/Movies\/Movies\/HomeViper\/HomeViewController.swift","hash":"a4d32a2ef48d3cc4f06233e3872463e5b9eec4f1"},{"path":"\/Users\/reinnerdazaleiva\/Developer\/Swift\/Movies\/Movies\/SceneDelegate.swift","hash":"c3928ffb2ff2bb26560d7b6b88ec5c3e76093543"},{"path":"\/Users\/reinnerdazaleiva\/Developer\/Swift\/Movies\/Movies\/Services\/ManagerCache.swift","hash":"968755734150fe8a724509ba58e324ccc559eff7"},{"path":"\/Users\/reinnerdazaleiva\/Developer\/Swift\/Movies\/Movies\/Services\/ManagerRequest.swift","hash":"0bfe764918ce1a9a416928f58bfcf2129db668c4"},{"path":"\/Users\/reinnerdazaleiva\/Developer\/Swift\/Movies\/Movies\/Services\/ManagerRequestServices.swift","hash":"e65575202cce94e5054e7755d1521feb0d20f7b6"},{"path":"\/Users\/reinnerdazaleiva\/Developer\/Swift\/Movies\/Movies\/Utils\/Extensions.swift","hash":"0d8f0582c7c430cd624edbde3f3b3dcbd34fc7db"},{"path":"\/Users\/reinnerdazaleiva\/Developer\/Swift\/Movies\/Movies\/Views\/HomeTableViewCell.swift","hash":"1e7b6071f753f92cc6b7a9645580511801e3d89c"}],"configHash":"47881d09ec0d3a5c7aba01ca024205a835159087","dependencyPathsHash":"ff26ebab381d50869f9905adc6f0e6558b4d6edb","targetPathsHash":"25cd052af5567ce0ae110d1e64fd661b87d1d3a7","mockedTypesHash":"da39a3ee5e6b4b0d3255bfef95601890afd80709","outputHash":"7befe0d8d93a06cca934a0a35482a6e9c1b9babf","dependencies":[],"sourceRoot":"\/Users\/reinnerdazaleiva\/Developer\/Swift\/Movies","supportingFilePaths":[{"path":"\/Users\/reinnerdazaleiva\/Developer\/Swift\/Movies\/MockingbirdSupport\/AppKit\/NSResponder.swift","hash":"21296949c6d570892c8665a450e62c234c938790"},{"path":"\/Users\/reinnerdazaleiva\/Developer\/Swift\/Movies\/MockingbirdSupport\/AppKit\/NSView.swift","hash":"85b3183be144012a7e105e292426c3d9f8966072"},{"path":"\/Users\/reinnerdazaleiva\/Developer\/Swift\/Movies\/MockingbirdSupport\/AppKit\/NSViewController.swift","hash":"d8785e8a119f2723c8840534df0ad8ac61409797"},{"path":"\/Users\/reinnerdazaleiva\/Developer\/Swift\/Movies\/MockingbirdSupport\/Foundation\/ObjectiveC\/NSObject.swift","hash":"cf466772b8c2d80d31f34b93b501b398fbb8854d"},{"path":"\/Users\/reinnerdazaleiva\/Developer\/Swift\/Movies\/MockingbirdSupport\/Foundation\/ObjectiveC\/NSObject.swift","hash":"cf466772b8c2d80d31f34b93b501b398fbb8854d"},{"path":"\/Users\/reinnerdazaleiva\/Developer\/Swift\/Movies\/MockingbirdSupport\/Swift\/Codable.swift","hash":"57675d8b36a2db7b093b3542bd3225a88992c3bc"},{"path":"\/Users\/reinnerdazaleiva\/Developer\/Swift\/Movies\/MockingbirdSupport\/Swift\/Comparable.swift","hash":"d0d110744eeaf2f8fdd2f8a41df3452f35286bb7"},{"path":"\/Users\/reinnerdazaleiva\/Developer\/Swift\/Movies\/MockingbirdSupport\/Swift\/Equatable.swift","hash":"2e7674f4e23a5ab7aef45b91b63c0ed5934c3b83"},{"path":"\/Users\/reinnerdazaleiva\/Developer\/Swift\/Movies\/MockingbirdSupport\/Swift\/Hashable.swift","hash":"f59ec249aa03e312f2bda7c3b397c0dccd880a21"},{"path":"\/Users\/reinnerdazaleiva\/Developer\/Swift\/Movies\/MockingbirdSupport\/Swift\/Misc.swift","hash":"c139249ec5799f1ec64c3d9e7d8c1f286b894035"},{"path":"\/Users\/reinnerdazaleiva\/Developer\/Swift\/Movies\/MockingbirdSupport\/UIKit\/UIControl.swift","hash":"9363a4c38002598dbbc1198f16fe7198b8151d24"},{"path":"\/Users\/reinnerdazaleiva\/Developer\/Swift\/Movies\/MockingbirdSupport\/UIKit\/UILabel.swift","hash":"e26a734695bfe008598ed0d8c936683db78f40ac"},{"path":"\/Users\/reinnerdazaleiva\/Developer\/Swift\/Movies\/MockingbirdSupport\/UIKit\/UIView.swift","hash":"10e6b03a9c5a76f720c17fcb82af82ff66994926"},{"path":"\/Users\/reinnerdazaleiva\/Developer\/Swift\/Movies\/MockingbirdSupport\/UIKit\/UIViewController.swift","hash":"bbd8980a22029f339b0e8746124fd06d94730570"}],"name":"Movies","projectHash":"89bd8af5cd4340cbb9d94085b6a7da6f4ec58750"}