{"projectHash":"47609e15a427ecda587ac35f02c75469206fba53","productModuleName":"MoviesTests","mockedTypeNames":["\/Users\/reinnerdazaleiva\/Developer\/Swift\/Movies\/MoviesTests\/Services\/ManagerRequestTest.swift",["RouterFacade"],"\/Users\/reinnerdazaleiva\/Developer\/Swift\/Movies\/MoviesTests\/MoviesTests.swift",[],"\/Users\/reinnerdazaleiva\/Developer\/Swift\/Movies\/MoviesTests\/Services\/ManagerRequestServicesTest.swift",[]],"cliVersion":"0.16.0","configHash":"47881d09ec0d3a5c7aba01ca024205a835159087","sourceRoot":"\/Users\/reinnerdazaleiva\/Developer\/Swift\/Movies","sourceFilePaths":[{"path":"\/Users\/reinnerdazaleiva\/Developer\/Swift\/Movies\/MockingbirdMocks\/MoviesTests-MoviesMocks.generated.swift","hash":"cb6c5900b24f8809dc33af8e136ad4ada1911c38"},{"path":"\/Users\/reinnerdazaleiva\/Developer\/Swift\/Movies\/MoviesTests\/MoviesTests.swift","hash":"eb2b0a551fb028527380539fe3ba5cc6682a5e16"},{"path":"\/Users\/reinnerdazaleiva\/Developer\/Swift\/Movies\/MoviesTests\/Services\/ManagerRequestServicesTest.swift","hash":"594b59a3fa19d776b6b3bad155bfbc997597ba11"},{"path":"\/Users\/reinnerdazaleiva\/Developer\/Swift\/Movies\/MoviesTests\/Services\/ManagerRequestTest.swift","hash":"0983e58f5549f3ea3ee8975510d3ce2f34d00fe9"}],"dependencies":[],"name":"MoviesTests"}