{"projectHash":"89bd8af5cd4340cbb9d94085b6a7da6f4ec58750","productModuleName":"MoviesTests","mockedTypeNames":["\/Users\/reinnerdazaleiva\/Developer\/Swift\/Movies\/MoviesTests\/Services\/ManagerRequestServicesTest.swift",[],"\/Users\/reinnerdazaleiva\/Developer\/Swift\/Movies\/MoviesTests\/MoviesTests.swift",[],"\/Users\/reinnerdazaleiva\/Developer\/Swift\/Movies\/MoviesTests\/Services\/ManagerRequestTest.swift",[]],"cliVersion":"0.16.0","configHash":"47881d09ec0d3a5c7aba01ca024205a835159087","sourceRoot":"\/Users\/reinnerdazaleiva\/Developer\/Swift\/Movies","sourceFilePaths":[{"path":"\/Users\/reinnerdazaleiva\/Developer\/Swift\/Movies\/MockingbirdMocks\/MoviesTests-MoviesMocks.generated.swift","hash":"7befe0d8d93a06cca934a0a35482a6e9c1b9babf"},{"path":"\/Users\/reinnerdazaleiva\/Developer\/Swift\/Movies\/MoviesTests\/MoviesTests.swift","hash":"eb2b0a551fb028527380539fe3ba5cc6682a5e16"},{"path":"\/Users\/reinnerdazaleiva\/Developer\/Swift\/Movies\/MoviesTests\/Services\/ManagerRequestServicesTest.swift","hash":"0924919cae370f29f270965a80fff5e8c3f008fa"},{"path":"\/Users\/reinnerdazaleiva\/Developer\/Swift\/Movies\/MoviesTests\/Services\/ManagerRequestTest.swift","hash":"7b11ce1e737b02415dc63e242a7c96ee027b7beb"}],"dependencies":[],"name":"MoviesTests"}